{
  "version": 4,
  "terraform_version": "0.12.13",
  "serial": 27,
  "lineage": "dfb08a8e-f444-d34f-a05c-2c3a66008281",
  "outputs": {},
  "resources": [
    {
      "mode": "managed",
      "type": "heroku_addon",
      "name": "db_ci",
      "provider": "provider.heroku",
      "instances": [
        {
          "schema_version": 2,
          "attributes": {
            "app": "pgr301-exam-app-dev",
            "config": null,
            "config_vars": [
              "DATABASE_URL"
            ],
            "id": "7618b8fe-08cb-4e47-bdb0-862813ef611e",
            "name": "postgresql-silhouetted-09451",
            "plan": "heroku-postgresql:hobby-dev",
            "provider_id": "18162497"
          },
          "private": "eyJzY2hlbWFfdmVyc2lvbiI6IjIifQ==",
          "depends_on": [
            "heroku_app.ci"
          ]
        }
      ]
    },
    {
      "mode": "managed",
      "type": "heroku_addon",
      "name": "db_production",
      "provider": "provider.heroku",
      "instances": [
        {
          "schema_version": 2,
          "attributes": {
            "app": "pgr301-exam-app-prod",
            "config": null,
            "config_vars": [
              "DATABASE_URL"
            ],
            "id": "82fb1e6a-8670-4c53-a56a-e5429f15bcdc",
            "name": "postgresql-dimensional-55037",
            "plan": "heroku-postgresql:hobby-dev",
            "provider_id": "18162495"
          },
          "private": "eyJzY2hlbWFfdmVyc2lvbiI6IjIifQ==",
          "depends_on": [
            "heroku_app.production"
          ]
        }
      ]
    },
    {
      "mode": "managed",
      "type": "heroku_addon",
      "name": "db_stage",
      "provider": "provider.heroku",
      "instances": [
        {
          "schema_version": 2,
          "attributes": {
            "app": "pgr301-exam-app-stag",
            "config": null,
            "config_vars": [
              "DATABASE_URL"
            ],
            "id": "1a6ce06c-5c10-4732-9e72-941c86ff4a09",
            "name": "postgresql-pointy-44696",
            "plan": "heroku-postgresql:hobby-dev",
            "provider_id": "18162496"
          },
          "private": "eyJzY2hlbWFfdmVyc2lvbiI6IjIifQ==",
          "depends_on": [
            "heroku_app.staging"
          ]
        }
      ]
    },
    {
      "mode": "managed",
      "type": "heroku_app",
      "name": "ci",
      "provider": "provider.heroku",
      "instances": [
        {
          "schema_version": 0,
          "attributes": {
            "acm": false,
            "all_config_vars": {},
            "buildpacks": null,
            "config_vars": {},
            "git_url": "https://git.heroku.com/pgr301-exam-app-dev.git",
            "heroku_hostname": "pgr301-exam-app-dev.herokuapp.com",
            "id": "pgr301-exam-app-dev",
            "internal_routing": false,
            "name": "pgr301-exam-app-dev",
            "organization": [],
            "region": "eu",
            "sensitive_config_vars": {},
            "space": null,
            "stack": "heroku-18",
            "uuid": "939fd082-2e01-4d71-8821-93b563a86b5a",
            "web_url": "https://pgr301-exam-app-dev.herokuapp.com/"
          },
          "private": "bnVsbA=="
        }
      ]
    },
    {
      "mode": "managed",
      "type": "heroku_app",
      "name": "production",
      "provider": "provider.heroku",
      "instances": [
        {
          "schema_version": 0,
          "attributes": {
            "acm": false,
            "all_config_vars": {},
            "buildpacks": null,
            "config_vars": {},
            "git_url": "https://git.heroku.com/pgr301-exam-app-prod.git",
            "heroku_hostname": "pgr301-exam-app-prod.herokuapp.com",
            "id": "pgr301-exam-app-prod",
            "internal_routing": false,
            "name": "pgr301-exam-app-prod",
            "organization": [],
            "region": "eu",
            "sensitive_config_vars": {},
            "space": null,
            "stack": "heroku-18",
            "uuid": "869b8d66-1a6a-46e5-b56b-74e1835e4ec2",
            "web_url": "https://pgr301-exam-app-prod.herokuapp.com/"
          },
          "private": "bnVsbA=="
        }
      ]
    },
    {
      "mode": "managed",
      "type": "heroku_app",
      "name": "staging",
      "provider": "provider.heroku",
      "instances": [
        {
          "schema_version": 0,
          "attributes": {
            "acm": false,
            "all_config_vars": {},
            "buildpacks": null,
            "config_vars": {},
            "git_url": "https://git.heroku.com/pgr301-exam-app-stag.git",
            "heroku_hostname": "pgr301-exam-app-stag.herokuapp.com",
            "id": "pgr301-exam-app-stag",
            "internal_routing": false,
            "name": "pgr301-exam-app-stag",
            "organization": [],
            "region": "eu",
            "sensitive_config_vars": {},
            "space": null,
            "stack": "heroku-18",
            "uuid": "5d10478b-577e-41f9-9195-deb96e347ff5",
            "web_url": "https://pgr301-exam-app-stag.herokuapp.com/"
          },
          "private": "bnVsbA=="
        }
      ]
    },
    {
      "mode": "managed",
      "type": "heroku_pipeline",
      "name": "exam-app",
      "provider": "provider.heroku",
      "instances": [
        {
          "schema_version": 0,
          "attributes": {
            "id": "cc64e6f8-1cce-48ab-81ca-7dc7fcbce1b5",
            "name": "pgr301-exam"
          },
          "private": "bnVsbA=="
        }
      ]
    },
    {
      "mode": "managed",
      "type": "heroku_pipeline_coupling",
      "name": "ci",
      "provider": "provider.heroku",
      "instances": [
        {
          "schema_version": 0,
          "attributes": {
            "app": "pgr301-exam-app-dev",
            "app_id": "939fd082-2e01-4d71-8821-93b563a86b5a",
            "id": "61fc7f2c-c6c6-46f0-9fe3-a00037bb0f02",
            "pipeline": "cc64e6f8-1cce-48ab-81ca-7dc7fcbce1b5",
            "stage": "development"
          },
          "private": "bnVsbA==",
          "depends_on": [
            "heroku_app.ci",
            "heroku_pipeline.exam-app"
          ]
        }
      ]
    },
    {
      "mode": "managed",
      "type": "heroku_pipeline_coupling",
      "name": "production",
      "provider": "provider.heroku",
      "instances": [
        {
          "schema_version": 0,
          "attributes": {
            "app": "pgr301-exam-app-prod",
            "app_id": "869b8d66-1a6a-46e5-b56b-74e1835e4ec2",
            "id": "21bcfe7e-a525-4177-b7bb-42edc7dd1758",
            "pipeline": "cc64e6f8-1cce-48ab-81ca-7dc7fcbce1b5",
            "stage": "production"
          },
          "private": "bnVsbA==",
          "depends_on": [
            "heroku_app.production",
            "heroku_pipeline.exam-app"
          ]
        }
      ]
    },
    {
      "mode": "managed",
      "type": "heroku_pipeline_coupling",
      "name": "staging",
      "provider": "provider.heroku",
      "instances": [
        {
          "schema_version": 0,
          "attributes": {
            "app": "pgr301-exam-app-stag",
            "app_id": "5d10478b-577e-41f9-9195-deb96e347ff5",
            "id": "1f897d2d-4f0a-4d57-8eda-6e86b6e94fa4",
            "pipeline": "cc64e6f8-1cce-48ab-81ca-7dc7fcbce1b5",
            "stage": "staging"
          },
          "private": "bnVsbA==",
          "depends_on": [
            "heroku_app.staging",
            "heroku_pipeline.exam-app"
          ]
        }
      ]
    }
  ]
}
